// !$*UTF8*$!
{
	archiveVersion = 1;
	classes = {
	};
	objectVersion = 55;
	objects = {

/* Begin PBXBuildFile section */
		642104D8270B3CFC00CD9D00 /* AppDelegate.swift in Sources */ = {isa = PBXBuildFile; fileRef = 642104D7270B3CFC00CD9D00 /* AppDelegate.swift */; };
		642104DA270B3CFC00CD9D00 /* SceneDelegate.swift in Sources */ = {isa = PBXBuildFile; fileRef = 642104D9270B3CFC00CD9D00 /* SceneDelegate.swift */; };
		642104DC270B3CFC00CD9D00 /* ViewController.swift in Sources */ = {isa = PBXBuildFile; fileRef = 642104DB270B3CFC00CD9D00 /* ViewController.swift */; };
		642104DF270B3CFC00CD9D00 /* Main.storyboard in Resources */ = {isa = PBXBuildFile; fileRef = 642104DD270B3CFC00CD9D00 /* Main.storyboard */; };
		642104E1270B3CFE00CD9D00 /* Assets.xcassets in Resources */ = {isa = PBXBuildFile; fileRef = 642104E0270B3CFE00CD9D00 /* Assets.xcassets */; };
		642104E4270B3CFE00CD9D00 /* LaunchScreen.storyboard in Resources */ = {isa = PBXBuildFile; fileRef = 642104E2270B3CFE00CD9D00 /* LaunchScreen.storyboard */; };
		642104F6270B512300CD9D00 /* Lesson1Controller.swift in Sources */ = {isa = PBXBuildFile; fileRef = 642104F4270B512300CD9D00 /* Lesson1Controller.swift */; };
		642104F9270B52AD00CD9D00 /* Lession1Controller.storyboard in Resources */ = {isa = PBXBuildFile; fileRef = 642104F8270B52AC00CD9D00 /* Lession1Controller.storyboard */; };
		64869162270DE27F00A30CD0 /* Lesson2Controller.swift in Sources */ = {isa = PBXBuildFile; fileRef = 64869160270DE27F00A30CD0 /* Lesson2Controller.swift */; };
		64869165270DE2E500A30CD0 /* Lession2Controller.storyboard in Resources */ = {isa = PBXBuildFile; fileRef = 64869164270DE2E500A30CD0 /* Lession2Controller.storyboard */; };
		64869176270DEDE900A30CD0 /* ClockView.xib in Resources */ = {isa = PBXBuildFile; fileRef = 64869174270DEDE900A30CD0 /* ClockView.xib */; };
		64869177270DEDE900A30CD0 /* ClockView.swift in Sources */ = {isa = PBXBuildFile; fileRef = 64869175270DEDE900A30CD0 /* ClockView.swift */; };
		6486918A270DEED800A30CD0 /* Lession3Controller.storyboard in Resources */ = {isa = PBXBuildFile; fileRef = 64869188270DEED800A30CD0 /* Lession3Controller.storyboard */; };
		6486918B270DEED800A30CD0 /* Lession3Controller.swift in Sources */ = {isa = PBXBuildFile; fileRef = 64869189270DEED800A30CD0 /* Lession3Controller.swift */; };
/* End PBXBuildFile section */

/* Begin PBXFileReference section */
		642104D4270B3CFC00CD9D00 /* ExNewwaveTraining2.app */ = {isa = PBXFileReference; explicitFileType = wrapper.application; includeInIndex = 0; path = ExNewwaveTraining2.app; sourceTree = BUILT_PRODUCTS_DIR; };
		642104D7270B3CFC00CD9D00 /* AppDelegate.swift */ = {isa = PBXFileReference; lastKnownFileType = sourcecode.swift; path = AppDelegate.swift; sourceTree = "<group>"; };
		642104D9270B3CFC00CD9D00 /* SceneDelegate.swift */ = {isa = PBXFileReference; lastKnownFileType = sourcecode.swift; path = SceneDelegate.swift; sourceTree = "<group>"; };
		642104DB270B3CFC00CD9D00 /* ViewController.swift */ = {isa = PBXFileReference; lastKnownFileType = sourcecode.swift; path = ViewController.swift; sourceTree = "<group>"; };
		642104DE270B3CFC00CD9D00 /* Base */ = {isa = PBXFileReference; lastKnownFileType = file.storyboard; name = Base; path = Base.lproj/Main.storyboard; sourceTree = "<group>"; };
		642104E0270B3CFE00CD9D00 /* Assets.xcassets */ = {isa = PBXFileReference; lastKnownFileType = folder.assetcatalog; path = Assets.xcassets; sourceTree = "<group>"; };
		642104E3270B3CFE00CD9D00 /* Base */ = {isa = PBXFileReference; lastKnownFileType = file.storyboard; name = Base; path = Base.lproj/LaunchScreen.storyboard; sourceTree = "<group>"; };
		642104E5270B3CFE00CD9D00 /* Info.plist */ = {isa = PBXFileReference; lastKnownFileType = text.plist.xml; path = Info.plist; sourceTree = "<group>"; };
		642104F4270B512300CD9D00 /* Lesson1Controller.swift */ = {isa = PBXFileReference; lastKnownFileType = sourcecode.swift; path = Lesson1Controller.swift; sourceTree = "<group>"; };
		642104F8270B52AC00CD9D00 /* Lession1Controller.storyboard */ = {isa = PBXFileReference; lastKnownFileType = file.storyboard; path = Lession1Controller.storyboard; sourceTree = "<group>"; };
		64869160270DE27F00A30CD0 /* Lesson2Controller.swift */ = {isa = PBXFileReference; lastKnownFileType = sourcecode.swift; path = Lesson2Controller.swift; sourceTree = "<group>"; };
		64869164270DE2E500A30CD0 /* Lession2Controller.storyboard */ = {isa = PBXFileReference; lastKnownFileType = file.storyboard; path = Lession2Controller.storyboard; sourceTree = "<group>"; };
		64869174270DEDE900A30CD0 /* ClockView.xib */ = {isa = PBXFileReference; fileEncoding = 4; lastKnownFileType = file.xib; path = ClockView.xib; sourceTree = "<group>"; };
		64869175270DEDE900A30CD0 /* ClockView.swift */ = {isa = PBXFileReference; fileEncoding = 4; lastKnownFileType = sourcecode.swift; path = ClockView.swift; sourceTree = "<group>"; };
		64869188270DEED800A30CD0 /* Lession3Controller.storyboard */ = {isa = PBXFileReference; fileEncoding = 4; lastKnownFileType = file.storyboard; path = Lession3Controller.storyboard; sourceTree = "<group>"; };
		64869189270DEED800A30CD0 /* Lession3Controller.swift */ = {isa = PBXFileReference; fileEncoding = 4; lastKnownFileType = sourcecode.swift; path = Lession3Controller.swift; sourceTree = "<group>"; };
/* End PBXFileReference section */

/* Begin PBXFrameworksBuildPhase section */
		642104D1270B3CFC00CD9D00 /* Frameworks */ = {
			isa = PBXFrameworksBuildPhase;
			buildActionMask = 2147483647;
			files = (
			);
			runOnlyForDeploymentPostprocessing = 0;
		};
/* End PBXFrameworksBuildPhase section */

/* Begin PBXGroup section */
		642104CB270B3CFC00CD9D00 = {
			isa = PBXGroup;
			children = (
				642104D6270B3CFC00CD9D00 /* ExNewwaveTraining2 */,
				642104D5270B3CFC00CD9D00 /* Products */,
			);
			sourceTree = "<group>";
		};
		642104D5270B3CFC00CD9D00 /* Products */ = {
			isa = PBXGroup;
			children = (
				642104D4270B3CFC00CD9D00 /* ExNewwaveTraining2.app */,
			);
			name = Products;
			sourceTree = "<group>";
		};
		642104D6270B3CFC00CD9D00 /* ExNewwaveTraining2 */ = {
			isa = PBXGroup;
			children = (
				642104ED270B43DB00CD9D00 /* Lesson3 */,
				642104EC270B43CF00CD9D00 /* Lesson2 */,
				642104EB270B43BF00CD9D00 /* Lesson1 */,
				642104D7270B3CFC00CD9D00 /* AppDelegate.swift */,
				642104D9270B3CFC00CD9D00 /* SceneDelegate.swift */,
				642104DB270B3CFC00CD9D00 /* ViewController.swift */,
				642104DD270B3CFC00CD9D00 /* Main.storyboard */,
				642104E0270B3CFE00CD9D00 /* Assets.xcassets */,
				642104E2270B3CFE00CD9D00 /* LaunchScreen.storyboard */,
				642104E5270B3CFE00CD9D00 /* Info.plist */,
			);
			path = ExNewwaveTraining2;
			sourceTree = "<group>";
		};
		642104EB270B43BF00CD9D00 /* Lesson1 */ = {
			isa = PBXGroup;
			children = (
				642104F4270B512300CD9D00 /* Lesson1Controller.swift */,
				642104F8270B52AC00CD9D00 /* Lession1Controller.storyboard */,
			);
			name = Lesson1;
			sourceTree = "<group>";
		};
		642104EC270B43CF00CD9D00 /* Lesson2 */ = {
			isa = PBXGroup;
			children = (
				64869160270DE27F00A30CD0 /* Lesson2Controller.swift */,
				64869164270DE2E500A30CD0 /* Lession2Controller.storyboard */,
			);
			path = Lesson2;
			sourceTree = "<group>";
		};
		642104ED270B43DB00CD9D00 /* Lesson3 */ = {
			isa = PBXGroup;
			children = (
				64869188270DEED800A30CD0 /* Lession3Controller.storyboard */,
				64869189270DEED800A30CD0 /* Lession3Controller.swift */,
				64869173270DEDAF00A30CD0 /* clock */,
			);
			name = Lesson3;
			sourceTree = "<group>";
		};
		64869173270DEDAF00A30CD0 /* clock */ = {
			isa = PBXGroup;
			children = (
				64869175270DEDE900A30CD0 /* ClockView.swift */,
				64869174270DEDE900A30CD0 /* ClockView.xib */,
			);
			path = clock;
			sourceTree = "<group>";
		};
/* End PBXGroup section */

/* Begin PBXNativeTarget section */
		642104D3270B3CFC00CD9D00 /* ExNewwaveTraining2 */ = {
			isa = PBXNativeTarget;
			buildConfigurationList = 642104E8270B3CFE00CD9D00 /* Build configuration list for PBXNativeTarget "ExNewwaveTraining2" */;
			buildPhases = (
				642104D0270B3CFC00CD9D00 /* Sources */,
				642104D1270B3CFC00CD9D00 /* Frameworks */,
				642104D2270B3CFC00CD9D00 /* Resources */,
			);
			buildRules = (
			);
			dependencies = (
			);
			name = ExNewwaveTraining2;
			productName = ExNewwaveTraining2;
			productReference = 642104D4270B3CFC00CD9D00 /* ExNewwaveTraining2.app */;
			productType = "com.apple.product-type.application";
		};
/* End PBXNativeTarget section */

/* Begin PBXProject section */
		642104CC270B3CFC00CD9D00 /* Project object */ = {
			isa = PBXProject;
			attributes = {
				BuildIndependentTargetsInParallel = 1;
				LastSwiftUpdateCheck = 1300;
				LastUpgradeCheck = 1300;
				TargetAttributes = {
					642104D3270B3CFC00CD9D00 = {
						CreatedOnToolsVersion = 13.0;
					};
				};
			};
			buildConfigurationList = 642104CF270B3CFC00CD9D00 /* Build configuration list for PBXProject "ExNewwaveTraining2" */;
			compatibilityVersion = "Xcode 13.0";
			developmentRegion = en;
			hasScannedForEncodings = 0;
			knownRegions = (
				en,
				Base,
			);
			mainGroup = 642104CB270B3CFC00CD9D00;
			productRefGroup = 642104D5270B3CFC00CD9D00 /* Products */;
			projectDirPath = "";
			projectRoot = "";
			targets = (
				642104D3270B3CFC00CD9D00 /* ExNewwaveTraining2 */,
			);
		};
/* End PBXProject section */

/* Begin PBXResourcesBuildPhase section */
		642104D2270B3CFC00CD9D00 /* Resources */ = {
			isa = PBXResourcesBuildPhase;
			buildActionMask = 2147483647;
			files = (
				642104E4270B3CFE00CD9D00 /* LaunchScreen.storyboard in Resources */,
				642104E1270B3CFE00CD9D00 /* Assets.xcassets in Resources */,
				642104F9270B52AD00CD9D00 /* Lession1Controller.storyboard in Resources */,
				6486918A270DEED800A30CD0 /* Lession3Controller.storyboard in Resources */,
				642104DF270B3CFC00CD9D00 /* Main.storyboard in Resources */,
				64869176270DEDE900A30CD0 /* ClockView.xib in Resources */,
				64869165270DE2E500A30CD0 /* Lession2Controller.storyboard in Resources */,
			);
			runOnlyForDeploymentPostprocessing = 0;
		};
/* End PBXResourcesBuildPhase section */

/* Begin PBXSourcesBuildPhase section */
		642104D0270B3CFC00CD9D00 /* Sources */ = {
			isa = PBXSourcesBuildPhase;
			buildActionMask = 2147483647;
			files = (
				642104DC270B3CFC00CD9D00 /* ViewController.swift in Sources */,
				642104D8270B3CFC00CD9D00 /* AppDelegate.swift in Sources */,
				642104DA270B3CFC00CD9D00 /* SceneDelegate.swift in Sources */,
				6486918B270DEED800A30CD0 /* Lession3Controller.swift in Sources */,
				64869177270DEDE900A30CD0 /* ClockView.swift in Sources */,
				64869162270DE27F00A30CD0 /* Lesson2Controller.swift in Sources */,
				642104F6270B512300CD9D00 /* Lesson1Controller.swift in Sources */,
			);
			runOnlyForDeploymentPostprocessing = 0;
		};
/* End PBXSourcesBuildPhase section */

/* Begin PBXVariantGroup section */
		642104DD270B3CFC00CD9D00 /* Main.storyboard */ = {
			isa = PBXVariantGroup;
			children = (
				642104DE270B3CFC00CD9D00 /* Base */,
			);
			name = Main.storyboard;
			sourceTree = "<group>";
		};
		642104E2270B3CFE00CD9D00 /* LaunchScreen.storyboard */ = {
			isa = PBXVariantGroup;
			children = (
				642104E3270B3CFE00CD9D00 /* Base */,
			);
			name = LaunchScreen.storyboard;
			sourceTree = "<group>";
		};
/* End PBXVariantGroup section */

/* Begin XCBuildConfiguration section */
		642104E6270B3CFE00CD9D00 /* Debug */ = {
			isa = XCBuildConfiguration;
			buildSettings = {
				ALWAYS_SEARCH_USER_PATHS = NO;
				CLANG_ANALYZER_NONNULL = YES;
				CLANG_ANALYZER_NUMBER_OBJECT_CONVERSION = YES_AGGRESSIVE;
				CLANG_CXX_LANGUAGE_STANDARD = "gnu++17";
				CLANG_CXX_LIBRARY = "libc++";
				CLANG_ENABLE_MODULES = YES;
				CLANG_ENABLE_OBJC_ARC = YES;
				CLANG_ENABLE_OBJC_WEAK = YES;
				CLANG_WARN_BLOCK_CAPTURE_AUTORELEASING = YES;
				CLANG_WARN_BOOL_CONVERSION = YES;
				CLANG_WARN_COMMA = YES;
				CLANG_WARN_CONSTANT_CONVERSION = YES;
				CLANG_WARN_DEPRECATED_OBJC_IMPLEMENTATIONS = YES;
				CLANG_WARN_DIRECT_OBJC_ISA_USAGE = YES_ERROR;
				CLANG_WARN_DOCUMENTATION_COMMENTS = YES;
				CLANG_WARN_EMPTY_BODY = YES;
				CLANG_WARN_ENUM_CONVERSION = YES;
				CLANG_WARN_INFINITE_RECURSION = YES;
				CLANG_WARN_INT_CONVERSION = YES;
				CLANG_WARN_NON_LITERAL_NULL_CONVERSION = YES;
				CLANG_WARN_OBJC_IMPLICIT_RETAIN_SELF = YES;
				CLANG_WARN_OBJC_LITERAL_CONVERSION = YES;
				CLANG_WARN_OBJC_ROOT_CLASS = YES_ERROR;
				CLANG_WARN_QUOTED_INCLUDE_IN_FRAMEWORK_HEADER = YES;
				CLANG_WARN_RANGE_LOOP_ANALYSIS = YES;
				CLANG_WARN_STRICT_PROTOTYPES = YES;
				CLANG_WARN_SUSPICIOUS_MOVE = YES;
				CLANG_WARN_UNGUARDED_AVAILABILITY = YES_AGGRESSIVE;
				CLANG_WARN_UNREACHABLE_CODE = YES;
				CLANG_WARN__DUPLICATE_METHOD_MATCH = YES;
				COPY_PHASE_STRIP = NO;
				DEBUG_INFORMATION_FORMAT = dwarf;
				ENABLE_STRICT_OBJC_MSGSEND = YES;
				ENABLE_TESTABILITY = YES;
				GCC_C_LANGUAGE_STANDARD = gnu11;
				GCC_DYNAMIC_NO_PIC = NO;
				GCC_NO_COMMON_BLOCKS = YES;
				GCC_OPTIMIZATION_LEVEL = 0;
				GCC_PREPROCESSOR_DEFINITIONS = (
					"DEBUG=1",
					"$(inherited)",
				);
				GCC_WARN_64_TO_32_BIT_CONVERSION = YES;
				GCC_WARN_ABOUT_RETURN_TYPE = YES_ERROR;
				GCC_WARN_UNDECLARED_SELECTOR = YES;
				GCC_WARN_UNINITIALIZED_AUTOS = YES_AGGRESSIVE;
				GCC_WARN_UNUSED_FUNCTION = YES;
				GCC_WARN_UNUSED_VARIABLE = YES;
				IPHONEOS_DEPLOYMENT_TARGET = 15.0;
				MTL_ENABLE_DEBUG_INFO = INCLUDE_SOURCE;
				MTL_FAST_MATH = YES;
				ONLY_ACTIVE_ARCH = YES;
				SDKROOT = iphoneos;
				SWIFT_ACTIVE_COMPILATION_CONDITIONS = DEBUG;
				SWIFT_OPTIMIZATION_LEVEL = "-Onone";
			};
			name = Debug;
		};
		642104E7270B3CFE00CD9D00 /* Release */ = {
			isa = XCBuildConfiguration;
			buildSettings = {
				ALWAYS_SEARCH_USER_PATHS = NO;
				CLANG_ANALYZER_NONNULL = YES;
				CLANG_ANALYZER_NUMBER_OBJECT_CONVERSION = YES_AGGRESSIVE;
				CLANG_CXX_LANGUAGE_STANDARD = "gnu++17";
				CLANG_CXX_LIBRARY = "libc++";
				CLANG_ENABLE_MODULES = YES;
				CLANG_ENABLE_OBJC_ARC = YES;
				CLANG_ENABLE_OBJC_WEAK = YES;
				CLANG_WARN_BLOCK_CAPTURE_AUTORELEASING = YES;
				CLANG_WARN_BOOL_CONVERSION = YES;
				CLANG_WARN_COMMA = YES;
				CLANG_WARN_CONSTANT_CONVERSION = YES;
				CLANG_WARN_DEPRECATED_OBJC_IMPLEMENTATIONS = YES;
				CLANG_WARN_DIRECT_OBJC_ISA_USAGE = YES_ERROR;
				CLANG_WARN_DOCUMENTATION_COMMENTS = YES;
				CLANG_WARN_EMPTY_BODY = YES;
				CLANG_WARN_ENUM_CONVERSION = YES;
				CLANG_WARN_INFINITE_RECURSION = YES;
				CLANG_WARN_INT_CONVERSION = YES;
				CLANG_WARN_NON_LITERAL_NULL_CONVERSION = YES;
				CLANG_WARN_OBJC_IMPLICIT_RETAIN_SELF = YES;
				CLANG_WARN_OBJC_LITERAL_CONVERSION = YES;
				CLANG_WARN_OBJC_ROOT_CLASS = YES_ERROR;
				CLANG_WARN_QUOTED_INCLUDE_IN_FRAMEWORK_HEADER = YES;
				CLANG_WARN_RANGE_LOOP_ANALYSIS = YES;
				CLANG_WARN_STRICT_PROTOTYPES = YES;
				CLANG_WARN_SUSPICIOUS_MOVE = YES;
				CLANG_WARN_UNGUARDED_AVAILABILITY = YES_AGGRESSIVE;
				CLANG_WARN_UNREACHABLE_CODE = YES;
				CLANG_WARN__DUPLICATE_METHOD_MATCH = YES;
				COPY_PHASE_STRIP = NO;
				DEBUG_INFORMATION_FORMAT = "dwarf-with-dsym";
				ENABLE_NS_ASSERTIONS = NO;
				ENABLE_STRICT_OBJC_MSGSEND = YES;
				GCC_C_LANGUAGE_STANDARD = gnu11;
				GCC_NO_COMMON_BLOCKS = YES;
				GCC_WARN_64_TO_32_BIT_CONVERSION = YES;
				GCC_WARN_ABOUT_RETURN_TYPE = YES_ERROR;
				GCC_WARN_UNDECLARED_SELECTOR = YES;
				GCC_WARN_UNINITIALIZED_AUTOS = YES_AGGRESSIVE;
				GCC_WARN_UNUSED_FUNCTION = YES;
				GCC_WARN_UNUSED_VARIABLE = YES;
				IPHONEOS_DEPLOYMENT_TARGET = 15.0;
				MTL_ENABLE_DEBUG_INFO = NO;
				MTL_FAST_MATH = YES;
				SDKROOT = iphoneos;
				SWIFT_COMPILATION_MODE = wholemodule;
				SWIFT_OPTIMIZATION_LEVEL = "-O";
				VALIDATE_PRODUCT = YES;
			};
			name = Release;
		};
		642104E9270B3CFE00CD9D00 /* Debug */ = {
			isa = XCBuildConfiguration;
			buildSettings = {
				ASSETCATALOG_COMPILER_APPICON_NAME = AppIcon;
				ASSETCATALOG_COMPILER_GLOBAL_ACCENT_COLOR_NAME = AccentColor;
				CODE_SIGN_STYLE = Automatic;
				CURRENT_PROJECT_VERSION = 1;
				GENERATE_INFOPLIST_FILE = YES;
				INFOPLIST_FILE = ExNewwaveTraining2/Info.plist;
				INFOPLIST_KEY_UIApplicationSupportsIndirectInputEvents = YES;
				INFOPLIST_KEY_UILaunchStoryboardName = LaunchScreen;
				INFOPLIST_KEY_UIMainStoryboardFile = Main;
				INFOPLIST_KEY_UISupportedInterfaceOrientations_iPad = "UIInterfaceOrientationPortrait UIInterfaceOrientationPortraitUpsideDown UIInterfaceOrientationLandscapeLeft UIInterfaceOrientationLandscapeRight";
				INFOPLIST_KEY_UISupportedInterfaceOrientations_iPhone = "UIInterfaceOrientationPortrait UIInterfaceOrientationLandscapeLeft UIInterfaceOrientationLandscapeRight";
				LD_RUNPATH_SEARCH_PATHS = (
					"$(inherited)",
					"@executable_path/Frameworks",
				);
				MARKETING_VERSION = 1.0;
				PRODUCT_BUNDLE_IDENTIFIER = hungnd.ExNewwaveTraining2;
				PRODUCT_NAME = "$(TARGET_NAME)";
				SWIFT_EMIT_LOC_STRINGS = YES;
				SWIFT_VERSION = 5.0;
				TARGETED_DEVICE_FAMILY = "1,2";
			};
			name = Debug;
		};
		642104EA270B3CFE00CD9D00 /* Release */ = {
			isa = XCBuildConfiguration;
			buildSettings = {
				ASSETCATALOG_COMPILER_APPICON_NAME = AppIcon;
				ASSETCATALOG_COMPILER_GLOBAL_ACCENT_COLOR_NAME = AccentColor;
				CODE_SIGN_STYLE = Automatic;
				CURRENT_PROJECT_VERSION = 1;
				GENERATE_INFOPLIST_FILE = YES;
				INFOPLIST_FILE = ExNewwaveTraining2/Info.plist;
				INFOPLIST_KEY_UIApplicationSupportsIndirectInputEvents = YES;
				INFOPLIST_KEY_UILaunchStoryboardName = LaunchScreen;
				INFOPLIST_KEY_UIMainStoryboardFile = Main;
				INFOPLIST_KEY_UISupportedInterfaceOrientations_iPad = "UIInterfaceOrientationPortrait UIInterfaceOrientationPortraitUpsideDown UIInterfaceOrientationLandscapeLeft UIInterfaceOrientationLandscapeRight";
				INFOPLIST_KEY_UISupportedInterfaceOrientations_iPhone = "UIInterfaceOrientationPortrait UIInterfaceOrientationLandscapeLeft UIInterfaceOrientationLandscapeRight";
				LD_RUNPATH_SEARCH_PATHS = (
					"$(inherited)",
					"@executable_path/Frameworks",
				);
				MARKETING_VERSION = 1.0;
				PRODUCT_BUNDLE_IDENTIFIER = hungnd.ExNewwaveTraining2;
				PRODUCT_NAME = "$(TARGET_NAME)";
				SWIFT_EMIT_LOC_STRINGS = YES;
				SWIFT_VERSION = 5.0;
				TARGETED_DEVICE_FAMILY = "1,2";
			};
			name = Release;
		};
/* End XCBuildConfiguration section */

/* Begin XCConfigurationList section */
		642104CF270B3CFC00CD9D00 /* Build configuration list for PBXProject "ExNewwaveTraining2" */ = {
			isa = XCConfigurationList;
			buildConfigurations = (
				642104E6270B3CFE00CD9D00 /* Debug */,
				642104E7270B3CFE00CD9D00 /* Release */,
			);
			defaultConfigurationIsVisible = 0;
			defaultConfigurationName = Release;
		};
		642104E8270B3CFE00CD9D00 /* Build configuration list for PBXNativeTarget "ExNewwaveTraining2" */ = {
			isa = XCConfigurationList;
			buildConfigurations = (
				642104E9270B3CFE00CD9D00 /* Debug */,
				642104EA270B3CFE00CD9D00 /* Release */,
			);
			defaultConfigurationIsVisible = 0;
			defaultConfigurationName = Release;
		};
/* End XCConfigurationList section */
	};
	rootObject = 642104CC270B3CFC00CD9D00 /* Project object */;
}
